
Microsoft Visual Studio Solution File, Format Version 12.00
# Visual Studio 2013
VisualStudioVersion = 12.0.21005.1
MinimumVisualStudioVersion = 10.0.40219.1
Project("{8BC9CEB8-8B4A-11D0-8D11-00A0C91BC942}") = "rastertek", "rastertek\rastertek.vcxproj", "{8EB962F2-4AE1-49B5-812C-2F6BC84567E6}"
EndProject
Project("{8BC9CEB8-8B4A-11D0-8D11-00A0C91BC942}") = "maya_object_converter", "maya_object_converter\maya_object_converter.vcxproj", "{9014DB08-5D31-401F-BA16-817A89E39A77}"
EndProject
Project("{2150E333-8FDC-42A3-9474-1A3956D46DE8}") = "Engine", "Engine", "{599CB587-A4C9-4810-B67A-7A6B80A5E6A2}"
	ProjectSection(SolutionItems) = preProject
		Engine\fontps.hlsl = Engine\fontps.hlsl
		Engine\fontvs.hlsl = Engine\fontvs.hlsl
		Engine\pscolor.hlsl = Engine\pscolor.hlsl
		Engine\pslight.hlsl = Engine\pslight.hlsl
		Engine\pstexture.hlsl = Engine\pstexture.hlsl
		Engine\vscolor.hlsl = Engine\vscolor.hlsl
		Engine\vslight.hlsl = Engine\vslight.hlsl
		Engine\vstexture.hlsl = Engine\vstexture.hlsl
	EndProjectSection
EndProject
Project("{2150E333-8FDC-42A3-9474-1A3956D46DE8}") = "data", "data", "{2927A905-F357-4689-BF90-A96F48BA0778}"
	ProjectSection(SolutionItems) = preProject
		Engine\data\font.dds = Engine\data\font.dds
		Engine\data\fontdata.txt = Engine\data\fontdata.txt
		Engine\data\mousepointer.dds = Engine\data\mousepointer.dds
		Engine\data\sound01.wav = Engine\data\sound01.wav
		Engine\data\sound02.wav = Engine\data\sound02.wav
	EndProjectSection
EndProject
Global
	GlobalSection(SolutionConfigurationPlatforms) = preSolution
		Debug|Win32 = Debug|Win32
		Release|Win32 = Release|Win32
	EndGlobalSection
	GlobalSection(ProjectConfigurationPlatforms) = postSolution
		{8EB962F2-4AE1-49B5-812C-2F6BC84567E6}.Debug|Win32.ActiveCfg = Debug|Win32
		{8EB962F2-4AE1-49B5-812C-2F6BC84567E6}.Debug|Win32.Build.0 = Debug|Win32
		{8EB962F2-4AE1-49B5-812C-2F6BC84567E6}.Release|Win32.ActiveCfg = Release|Win32
		{8EB962F2-4AE1-49B5-812C-2F6BC84567E6}.Release|Win32.Build.0 = Release|Win32
		{9014DB08-5D31-401F-BA16-817A89E39A77}.Debug|Win32.ActiveCfg = Debug|Win32
		{9014DB08-5D31-401F-BA16-817A89E39A77}.Debug|Win32.Build.0 = Debug|Win32
		{9014DB08-5D31-401F-BA16-817A89E39A77}.Release|Win32.ActiveCfg = Release|Win32
		{9014DB08-5D31-401F-BA16-817A89E39A77}.Release|Win32.Build.0 = Release|Win32
	EndGlobalSection
	GlobalSection(SolutionProperties) = preSolution
		HideSolutionNode = FALSE
	EndGlobalSection
	GlobalSection(NestedProjects) = preSolution
		{2927A905-F357-4689-BF90-A96F48BA0778} = {599CB587-A4C9-4810-B67A-7A6B80A5E6A2}
	EndGlobalSection
EndGlobal
